
Microsoft Visual Studio Solution File, Format Version 12.00
# Visual Studio Version 17
VisualStudioVersion = 17.9.34607.119
MinimumVisualStudioVersion = 10.0.40219.1
Project("{9A19103F-16F7-4668-BE54-9A1E7A4F7556}") = "Ledra.Services", "Ledra.Services\Ledra.Services.csproj", "{D209CD85-59C6-40FC-A0AE-380F83B650A9}"
EndProject
Project("{9A19103F-16F7-4668-BE54-9A1E7A4F7556}") = "Ledra.Api", "Ledra.Api\Ledra.Api.csproj", "{492AE17E-31B8-4EF6-B121-F406092E1411}"
EndProject
Project("{9A19103F-16F7-4668-BE54-9A1E7A4F7556}") = "Ledra.Application", "Application\Ledra.Application.csproj", "{35F2320F-CC3E-4C5A-A251-59608F80F599}"
EndProject
Project("{9A19103F-16F7-4668-BE54-9A1E7A4F7556}") = "Ledra.Dal", "Ledra.Dal\Ledra.Dal.csproj", "{EA20975A-5B21-4090-AF2F-BEB0CFBC2BB3}"
EndProject
Project("{9A19103F-16F7-4668-BE54-9A1E7A4F7556}") = "Ledra.Domain", "Ledra.Domain\Ledra.Domain.csproj", "{149D499E-4692-482C-A877-478859793016}"
EndProject
Global
	GlobalSection(SolutionConfigurationPlatforms) = preSolution
		Debug|Any CPU = Debug|Any CPU
		Release|Any CPU = Release|Any CPU
	EndGlobalSection
	GlobalSection(ProjectConfigurationPlatforms) = postSolution
		{D209CD85-59C6-40FC-A0AE-380F83B650A9}.Debug|Any CPU.ActiveCfg = Debug|Any CPU
		{D209CD85-59C6-40FC-A0AE-380F83B650A9}.Debug|Any CPU.Build.0 = Debug|Any CPU
		{D209CD85-59C6-40FC-A0AE-380F83B650A9}.Release|Any CPU.ActiveCfg = Release|Any CPU
		{D209CD85-59C6-40FC-A0AE-380F83B650A9}.Release|Any CPU.Build.0 = Release|Any CPU
		{492AE17E-31B8-4EF6-B121-F406092E1411}.Debug|Any CPU.ActiveCfg = Debug|Any CPU
		{492AE17E-31B8-4EF6-B121-F406092E1411}.Debug|Any CPU.Build.0 = Debug|Any CPU
		{492AE17E-31B8-4EF6-B121-F406092E1411}.Release|Any CPU.ActiveCfg = Release|Any CPU
		{492AE17E-31B8-4EF6-B121-F406092E1411}.Release|Any CPU.Build.0 = Release|Any CPU
		{35F2320F-CC3E-4C5A-A251-59608F80F599}.Debug|Any CPU.ActiveCfg = Debug|Any CPU
		{35F2320F-CC3E-4C5A-A251-59608F80F599}.Debug|Any CPU.Build.0 = Debug|Any CPU
		{35F2320F-CC3E-4C5A-A251-59608F80F599}.Release|Any CPU.ActiveCfg = Release|Any CPU
		{35F2320F-CC3E-4C5A-A251-59608F80F599}.Release|Any CPU.Build.0 = Release|Any CPU
		{EA20975A-5B21-4090-AF2F-BEB0CFBC2BB3}.Debug|Any CPU.ActiveCfg = Debug|Any CPU
		{EA20975A-5B21-4090-AF2F-BEB0CFBC2BB3}.Debug|Any CPU.Build.0 = Debug|Any CPU
		{EA20975A-5B21-4090-AF2F-BEB0CFBC2BB3}.Release|Any CPU.ActiveCfg = Release|Any CPU
		{EA20975A-5B21-4090-AF2F-BEB0CFBC2BB3}.Release|Any CPU.Build.0 = Release|Any CPU
		{149D499E-4692-482C-A877-478859793016}.Debug|Any CPU.ActiveCfg = Debug|Any CPU
		{149D499E-4692-482C-A877-478859793016}.Debug|Any CPU.Build.0 = Debug|Any CPU
		{149D499E-4692-482C-A877-478859793016}.Release|Any CPU.ActiveCfg = Release|Any CPU
		{149D499E-4692-482C-A877-478859793016}.Release|Any CPU.Build.0 = Release|Any CPU
	EndGlobalSection
	GlobalSection(SolutionProperties) = preSolution
		HideSolutionNode = FALSE
	EndGlobalSection
	GlobalSection(ExtensibilityGlobals) = postSolution
		SolutionGuid = {04FA3F2D-C6FA-4096-84F5-AB212C45AC73}
	EndGlobalSection
EndGlobal
