
Microsoft Visual Studio Solution File, Format Version 12.00
# Visual Studio Version 17
VisualStudioVersion = 17.9.34607.119
MinimumVisualStudioVersion = 10.0.40219.1
Project("{9A19103F-16F7-4668-BE54-9A1E7A4F7556}") = "Ledra.Domain", "Lendra.Domain\Ledra.Domain.csproj", "{1DA2C1B5-63AC-4889-AF22-154F9005F8B7}"
EndProject
Project("{9A19103F-16F7-4668-BE54-9A1E7A4F7556}") = "Ledra.Dal", "Lendra.Dal\Ledra.Dal.csproj", "{0CD7666A-F5C4-46FF-AE7C-52EFF4CFA1D8}"
EndProject
Project("{9A19103F-16F7-4668-BE54-9A1E7A4F7556}") = "Ledra.Services", "Ledra.Services\Ledra.Services.csproj", "{D209CD85-59C6-40FC-A0AE-380F83B650A9}"
EndProject
Project("{9A19103F-16F7-4668-BE54-9A1E7A4F7556}") = "Ledra.Api", "Ledra.Api\Ledra.Api.csproj", "{492AE17E-31B8-4EF6-B121-F406092E1411}"
EndProject
Project("{FAE04EC0-301F-11D3-BF4B-00C04F79EFBC}") = "Lendra.Application", "Application\Lendra.Application.csproj", "{35F2320F-CC3E-4C5A-A251-59608F80F599}"
EndProject
Global
	GlobalSection(SolutionConfigurationPlatforms) = preSolution
		Debug|Any CPU = Debug|Any CPU
		Release|Any CPU = Release|Any CPU
	EndGlobalSection
	GlobalSection(ProjectConfigurationPlatforms) = postSolution
		{1DA2C1B5-63AC-4889-AF22-154F9005F8B7}.Debug|Any CPU.ActiveCfg = Debug|Any CPU
		{1DA2C1B5-63AC-4889-AF22-154F9005F8B7}.Debug|Any CPU.Build.0 = Debug|Any CPU
		{1DA2C1B5-63AC-4889-AF22-154F9005F8B7}.Release|Any CPU.ActiveCfg = Release|Any CPU
		{1DA2C1B5-63AC-4889-AF22-154F9005F8B7}.Release|Any CPU.Build.0 = Release|Any CPU
		{0CD7666A-F5C4-46FF-AE7C-52EFF4CFA1D8}.Debug|Any CPU.ActiveCfg = Debug|Any CPU
		{0CD7666A-F5C4-46FF-AE7C-52EFF4CFA1D8}.Debug|Any CPU.Build.0 = Debug|Any CPU
		{0CD7666A-F5C4-46FF-AE7C-52EFF4CFA1D8}.Release|Any CPU.ActiveCfg = Release|Any CPU
		{0CD7666A-F5C4-46FF-AE7C-52EFF4CFA1D8}.Release|Any CPU.Build.0 = Release|Any CPU
		{D209CD85-59C6-40FC-A0AE-380F83B650A9}.Debug|Any CPU.ActiveCfg = Debug|Any CPU
		{D209CD85-59C6-40FC-A0AE-380F83B650A9}.Debug|Any CPU.Build.0 = Debug|Any CPU
		{D209CD85-59C6-40FC-A0AE-380F83B650A9}.Release|Any CPU.ActiveCfg = Release|Any CPU
		{D209CD85-59C6-40FC-A0AE-380F83B650A9}.Release|Any CPU.Build.0 = Release|Any CPU
		{492AE17E-31B8-4EF6-B121-F406092E1411}.Debug|Any CPU.ActiveCfg = Debug|Any CPU
		{492AE17E-31B8-4EF6-B121-F406092E1411}.Debug|Any CPU.Build.0 = Debug|Any CPU
		{492AE17E-31B8-4EF6-B121-F406092E1411}.Release|Any CPU.ActiveCfg = Release|Any CPU
		{492AE17E-31B8-4EF6-B121-F406092E1411}.Release|Any CPU.Build.0 = Release|Any CPU
		{35F2320F-CC3E-4C5A-A251-59608F80F599}.Debug|Any CPU.ActiveCfg = Debug|Any CPU
		{35F2320F-CC3E-4C5A-A251-59608F80F599}.Debug|Any CPU.Build.0 = Debug|Any CPU
		{35F2320F-CC3E-4C5A-A251-59608F80F599}.Release|Any CPU.ActiveCfg = Release|Any CPU
		{35F2320F-CC3E-4C5A-A251-59608F80F599}.Release|Any CPU.Build.0 = Release|Any CPU
	EndGlobalSection
	GlobalSection(SolutionProperties) = preSolution
		HideSolutionNode = FALSE
	EndGlobalSection
	GlobalSection(ExtensibilityGlobals) = postSolution
		SolutionGuid = {04FA3F2D-C6FA-4096-84F5-AB212C45AC73}
	EndGlobalSection
EndGlobal
